// !$*UTF8*$!
{
	archiveVersion = 1;
	classes = {
	};
	objectVersion = 46;
	objects = {

/* Begin PBXBuildFile section */
		60C26CDE1A6FB0CE007453F4 /* AppDelegate.swift in Sources */ = {isa = PBXBuildFile; fileRef = 60C26CDD1A6FB0CE007453F4 /* AppDelegate.swift */; };
		60C26CE01A6FB0CE007453F4 /* ViewController.swift in Sources */ = {isa = PBXBuildFile; fileRef = 60C26CDF1A6FB0CE007453F4 /* ViewController.swift */; };
		60C26CE31A6FB0CE007453F4 /* Main.storyboard in Resources */ = {isa = PBXBuildFile; fileRef = 60C26CE11A6FB0CE007453F4 /* Main.storyboard */; };
		60C26CE51A6FB0CE007453F4 /* Images.xcassets in Resources */ = {isa = PBXBuildFile; fileRef = 60C26CE41A6FB0CE007453F4 /* Images.xcassets */; };
		60C26CE81A6FB0CE007453F4 /* LaunchScreen.xib in Resources */ = {isa = PBXBuildFile; fileRef = 60C26CE61A6FB0CE007453F4 /* LaunchScreen.xib */; };
		60C26CF41A6FB0CE007453F4 /* YFBaseTestTests.swift in Sources */ = {isa = PBXBuildFile; fileRef = 60C26CF31A6FB0CE007453F4 /* YFBaseTestTests.swift */; };
/* End PBXBuildFile section */

/* Begin PBXContainerItemProxy section */
		60C26CEE1A6FB0CE007453F4 /* PBXContainerItemProxy */ = {
			isa = PBXContainerItemProxy;
			containerPortal = 60C26CD01A6FB0CD007453F4 /* Project object */;
			proxyType = 1;
			remoteGlobalIDString = 60C26CD71A6FB0CD007453F4;
			remoteInfo = YFBaseTest;
		};
/* End PBXContainerItemProxy section */

/* Begin PBXFileReference section */
		60C26CD81A6FB0CD007453F4 /* YFBaseTest.app */ = {isa = PBXFileReference; explicitFileType = wrapper.application; includeInIndex = 0; path = YFBaseTest.app; sourceTree = BUILT_PRODUCTS_DIR; };
		60C26CDC1A6FB0CD007453F4 /* Info.plist */ = {isa = PBXFileReference; lastKnownFileType = text.plist.xml; path = Info.plist; sourceTree = "<group>"; };
		60C26CDD1A6FB0CE007453F4 /* AppDelegate.swift */ = {isa = PBXFileReference; lastKnownFileType = sourcecode.swift; path = AppDelegate.swift; sourceTree = "<group>"; };
		60C26CDF1A6FB0CE007453F4 /* ViewController.swift */ = {isa = PBXFileReference; lastKnownFileType = sourcecode.swift; path = ViewController.swift; sourceTree = "<group>"; };
		60C26CE21A6FB0CE007453F4 /* Base */ = {isa = PBXFileReference; lastKnownFileType = file.storyboard; name = Base; path = Base.lproj/Main.storyboard; sourceTree = "<group>"; };
		60C26CE41A6FB0CE007453F4 /* Images.xcassets */ = {isa = PBXFileReference; lastKnownFileType = folder.assetcatalog; path = Images.xcassets; sourceTree = "<group>"; };
		60C26CE71A6FB0CE007453F4 /* Base */ = {isa = PBXFileReference; lastKnownFileType = file.xib; name = Base; path = Base.lproj/LaunchScreen.xib; sourceTree = "<group>"; };
		60C26CED1A6FB0CE007453F4 /* YFBaseTestTests.xctest */ = {isa = PBXFileReference; explicitFileType = wrapper.cfbundle; includeInIndex = 0; path = YFBaseTestTests.xctest; sourceTree = BUILT_PRODUCTS_DIR; };
		60C26CF21A6FB0CE007453F4 /* Info.plist */ = {isa = PBXFileReference; lastKnownFileType = text.plist.xml; path = Info.plist; sourceTree = "<group>"; };
		60C26CF31A6FB0CE007453F4 /* YFBaseTestTests.swift */ = {isa = PBXFileReference; lastKnownFileType = sourcecode.swift; path = YFBaseTestTests.swift; sourceTree = "<group>"; };
/* End PBXFileReference section */

/* Begin PBXFrameworksBuildPhase section */
		60C26CD51A6FB0CD007453F4 /* Frameworks */ = {
			isa = PBXFrameworksBuildPhase;
			buildActionMask = 2147483647;
			files = (
			);
			runOnlyForDeploymentPostprocessing = 0;
		};
		60C26CEA1A6FB0CE007453F4 /* Frameworks */ = {
			isa = PBXFrameworksBuildPhase;
			buildActionMask = 2147483647;
			files = (
			);
			runOnlyForDeploymentPostprocessing = 0;
		};
/* End PBXFrameworksBuildPhase section */

/* Begin PBXGroup section */
		60C26CCF1A6FB0CD007453F4 = {
			isa = PBXGroup;
			children = (
				60C26CDA1A6FB0CD007453F4 /* YFBaseTest */,
				60C26CF01A6FB0CE007453F4 /* YFBaseTestTests */,
				60C26CD91A6FB0CD007453F4 /* Products */,
			);
			sourceTree = "<group>";
		};
		60C26CD91A6FB0CD007453F4 /* Products */ = {
			isa = PBXGroup;
			children = (
				60C26CD81A6FB0CD007453F4 /* YFBaseTest.app */,
				60C26CED1A6FB0CE007453F4 /* YFBaseTestTests.xctest */,
			);
			name = Products;
			sourceTree = "<group>";
		};
		60C26CDA1A6FB0CD007453F4 /* YFBaseTest */ = {
			isa = PBXGroup;
			children = (
				60C26CDD1A6FB0CE007453F4 /* AppDelegate.swift */,
				60C26CDF1A6FB0CE007453F4 /* ViewController.swift */,
				60C26CE11A6FB0CE007453F4 /* Main.storyboard */,
				60C26CE41A6FB0CE007453F4 /* Images.xcassets */,
				60C26CE61A6FB0CE007453F4 /* LaunchScreen.xib */,
				60C26CDB1A6FB0CD007453F4 /* Supporting Files */,
			);
			path = YFBaseTest;
			sourceTree = "<group>";
		};
		60C26CDB1A6FB0CD007453F4 /* Supporting Files */ = {
			isa = PBXGroup;
			children = (
				60C26CDC1A6FB0CD007453F4 /* Info.plist */,
			);
			name = "Supporting Files";
			sourceTree = "<group>";
		};
		60C26CF01A6FB0CE007453F4 /* YFBaseTestTests */ = {
			isa = PBXGroup;
			children = (
				60C26CF31A6FB0CE007453F4 /* YFBaseTestTests.swift */,
				60C26CF11A6FB0CE007453F4 /* Supporting Files */,
			);
			path = YFBaseTestTests;
			sourceTree = "<group>";
		};
		60C26CF11A6FB0CE007453F4 /* Supporting Files */ = {
			isa = PBXGroup;
			children = (
				60C26CF21A6FB0CE007453F4 /* Info.plist */,
			);
			name = "Supporting Files";
			sourceTree = "<group>";
		};
/* End PBXGroup section */

/* Begin PBXNativeTarget section */
		60C26CD71A6FB0CD007453F4 /* YFBaseTest */ = {
			isa = PBXNativeTarget;
			buildConfigurationList = 60C26CF71A6FB0CE007453F4 /* Build configuration list for PBXNativeTarget "YFBaseTest" */;
			buildPhases = (
				60C26CD41A6FB0CD007453F4 /* Sources */,
				60C26CD51A6FB0CD007453F4 /* Frameworks */,
				60C26CD61A6FB0CD007453F4 /* Resources */,
			);
			buildRules = (
			);
			dependencies = (
			);
			name = YFBaseTest;
			productName = YFBaseTest;
			productReference = 60C26CD81A6FB0CD007453F4 /* YFBaseTest.app */;
			productType = "com.apple.product-type.application";
		};
		60C26CEC1A6FB0CE007453F4 /* YFBaseTestTests */ = {
			isa = PBXNativeTarget;
			buildConfigurationList = 60C26CFA1A6FB0CE007453F4 /* Build configuration list for PBXNativeTarget "YFBaseTestTests" */;
			buildPhases = (
				60C26CE91A6FB0CE007453F4 /* Sources */,
				60C26CEA1A6FB0CE007453F4 /* Frameworks */,
				60C26CEB1A6FB0CE007453F4 /* Resources */,
			);
			buildRules = (
			);
			dependencies = (
				60C26CEF1A6FB0CE007453F4 /* PBXTargetDependency */,
			);
			name = YFBaseTestTests;
			productName = YFBaseTestTests;
			productReference = 60C26CED1A6FB0CE007453F4 /* YFBaseTestTests.xctest */;
			productType = "com.apple.product-type.bundle.unit-test";
		};
/* End PBXNativeTarget section */

/* Begin PBXProject section */
		60C26CD01A6FB0CD007453F4 /* Project object */ = {
			isa = PBXProject;
			attributes = {
				LastUpgradeCheck = 0610;
				ORGANIZATIONNAME = Fairy;
				TargetAttributes = {
					60C26CD71A6FB0CD007453F4 = {
						CreatedOnToolsVersion = 6.1.1;
					};
					60C26CEC1A6FB0CE007453F4 = {
						CreatedOnToolsVersion = 6.1.1;
						TestTargetID = 60C26CD71A6FB0CD007453F4;
					};
				};
			};
			buildConfigurationList = 60C26CD31A6FB0CD007453F4 /* Build configuration list for PBXProject "YFBaseTest" */;
			compatibilityVersion = "Xcode 3.2";
			developmentRegion = English;
			hasScannedForEncodings = 0;
			knownRegions = (
				en,
				Base,
			);
			mainGroup = 60C26CCF1A6FB0CD007453F4;
			productRefGroup = 60C26CD91A6FB0CD007453F4 /* Products */;
			projectDirPath = "";
			projectRoot = "";
			targets = (
				60C26CD71A6FB0CD007453F4 /* YFBaseTest */,
				60C26CEC1A6FB0CE007453F4 /* YFBaseTestTests */,
			);
		};
/* End PBXProject section */

/* Begin PBXResourcesBuildPhase section */
		60C26CD61A6FB0CD007453F4 /* Resources */ = {
			isa = PBXResourcesBuildPhase;
			buildActionMask = 2147483647;
			files = (
				60C26CE31A6FB0CE007453F4 /* Main.storyboard in Resources */,
				60C26CE81A6FB0CE007453F4 /* LaunchScreen.xib in Resources */,
				60C26CE51A6FB0CE007453F4 /* Images.xcassets in Resources */,
			);
			runOnlyForDeploymentPostprocessing = 0;
		};
		60C26CEB1A6FB0CE007453F4 /* Resources */ = {
			isa = PBXResourcesBuildPhase;
			buildActionMask = 2147483647;
			files = (
			);
			runOnlyForDeploymentPostprocessing = 0;
		};
/* End PBXResourcesBuildPhase section */

/* Begin PBXSourcesBuildPhase section */
		60C26CD41A6FB0CD007453F4 /* Sources */ = {
			isa = PBXSourcesBuildPhase;
			buildActionMask = 2147483647;
			files = (
				60C26CE01A6FB0CE007453F4 /* ViewController.swift in Sources */,
				60C26CDE1A6FB0CE007453F4 /* AppDelegate.swift in Sources */,
			);
			runOnlyForDeploymentPostprocessing = 0;
		};
		60C26CE91A6FB0CE007453F4 /* Sources */ = {
			isa = PBXSourcesBuildPhase;
			buildActionMask = 2147483647;
			files = (
				60C26CF41A6FB0CE007453F4 /* YFBaseTestTests.swift in Sources */,
			);
			runOnlyForDeploymentPostprocessing = 0;
		};
/* End PBXSourcesBuildPhase section */

/* Begin PBXTargetDependency section */
		60C26CEF1A6FB0CE007453F4 /* PBXTargetDependency */ = {
			isa = PBXTargetDependency;
			target = 60C26CD71A6FB0CD007453F4 /* YFBaseTest */;
			targetProxy = 60C26CEE1A6FB0CE007453F4 /* PBXContainerItemProxy */;
		};
/* End PBXTargetDependency section */

/* Begin PBXVariantGroup section */
		60C26CE11A6FB0CE007453F4 /* Main.storyboard */ = {
			isa = PBXVariantGroup;
			children = (
				60C26CE21A6FB0CE007453F4 /* Base */,
			);
			name = Main.storyboard;
			sourceTree = "<group>";
		};
		60C26CE61A6FB0CE007453F4 /* LaunchScreen.xib */ = {
			isa = PBXVariantGroup;
			children = (
				60C26CE71A6FB0CE007453F4 /* Base */,
			);
			name = LaunchScreen.xib;
			sourceTree = "<group>";
		};
/* End PBXVariantGroup section */

/* Begin XCBuildConfiguration section */
		60C26CF51A6FB0CE007453F4 /* Debug */ = {
			isa = XCBuildConfiguration;
			buildSettings = {
				ALWAYS_SEARCH_USER_PATHS = NO;
				CLANG_CXX_LANGUAGE_STANDARD = "gnu++0x";
				CLANG_CXX_LIBRARY = "libc++";
				CLANG_ENABLE_MODULES = YES;
				CLANG_ENABLE_OBJC_ARC = YES;
				CLANG_WARN_BOOL_CONVERSION = YES;
				CLANG_WARN_CONSTANT_CONVERSION = YES;
				CLANG_WARN_DIRECT_OBJC_ISA_USAGE = YES_ERROR;
				CLANG_WARN_EMPTY_BODY = YES;
				CLANG_WARN_ENUM_CONVERSION = YES;
				CLANG_WARN_INT_CONVERSION = YES;
				CLANG_WARN_OBJC_ROOT_CLASS = YES_ERROR;
				CLANG_WARN_UNREACHABLE_CODE = YES;
				CLANG_WARN__DUPLICATE_METHOD_MATCH = YES;
				"CODE_SIGN_IDENTITY[sdk=iphoneos*]" = "iPhone Developer";
				COPY_PHASE_STRIP = NO;
				ENABLE_STRICT_OBJC_MSGSEND = YES;
				GCC_C_LANGUAGE_STANDARD = gnu99;
				GCC_DYNAMIC_NO_PIC = NO;
				GCC_OPTIMIZATION_LEVEL = 0;
				GCC_PREPROCESSOR_DEFINITIONS = (
					"DEBUG=1",
					"$(inherited)",
				);
				GCC_SYMBOLS_PRIVATE_EXTERN = NO;
				GCC_WARN_64_TO_32_BIT_CONVERSION = YES;
				GCC_WARN_ABOUT_RETURN_TYPE = YES_ERROR;
				GCC_WARN_UNDECLARED_SELECTOR = YES;
				GCC_WARN_UNINITIALIZED_AUTOS = YES_AGGRESSIVE;
				GCC_WARN_UNUSED_FUNCTION = YES;
				GCC_WARN_UNUSED_VARIABLE = YES;
				IPHONEOS_DEPLOYMENT_TARGET = 8.1;
				MTL_ENABLE_DEBUG_INFO = YES;
				ONLY_ACTIVE_ARCH = YES;
				SDKROOT = iphoneos;
				SWIFT_OPTIMIZATION_LEVEL = "-Onone";
			};
			name = Debug;
		};
		60C26CF61A6FB0CE007453F4 /* Release */ = {
			isa = XCBuildConfiguration;
			buildSettings = {
				ALWAYS_SEARCH_USER_PATHS = NO;
				CLANG_CXX_LANGUAGE_STANDARD = "gnu++0x";
				CLANG_CXX_LIBRARY = "libc++";
				CLANG_ENABLE_MODULES = YES;
				CLANG_ENABLE_OBJC_ARC = YES;
				CLANG_WARN_BOOL_CONVERSION = YES;
				CLANG_WARN_CONSTANT_CONVERSION = YES;
				CLANG_WARN_DIRECT_OBJC_ISA_USAGE = YES_ERROR;
				CLANG_WARN_EMPTY_BODY = YES;
				CLANG_WARN_ENUM_CONVERSION = YES;
				CLANG_WARN_INT_CONVERSION = YES;
				CLANG_WARN_OBJC_ROOT_CLASS = YES_ERROR;
				CLANG_WARN_UNREACHABLE_CODE = YES;
				CLANG_WARN__DUPLICATE_METHOD_MATCH = YES;
				"CODE_SIGN_IDENTITY[sdk=iphoneos*]" = "iPhone Developer";
				COPY_PHASE_STRIP = YES;
				ENABLE_NS_ASSERTIONS = NO;
				ENABLE_STRICT_OBJC_MSGSEND = YES;
				GCC_C_LANGUAGE_STANDARD = gnu99;
				GCC_WARN_64_TO_32_BIT_CONVERSION = YES;
				GCC_WARN_ABOUT_RETURN_TYPE = YES_ERROR;
				GCC_WARN_UNDECLARED_SELECTOR = YES;
				GCC_WARN_UNINITIALIZED_AUTOS = YES_AGGRESSIVE;
				GCC_WARN_UNUSED_FUNCTION = YES;
				GCC_WARN_UNUSED_VARIABLE = YES;
				IPHONEOS_DEPLOYMENT_TARGET = 8.1;
				MTL_ENABLE_DEBUG_INFO = NO;
				SDKROOT = iphoneos;
				VALIDATE_PRODUCT = YES;
			};
			name = Release;
		};
		60C26CF81A6FB0CE007453F4 /* Debug */ = {
			isa = XCBuildConfiguration;
			buildSettings = {
				ASSETCATALOG_COMPILER_APPICON_NAME = AppIcon;
				INFOPLIST_FILE = YFBaseTest/Info.plist;
				LD_RUNPATH_SEARCH_PATHS = "$(inherited) @executable_path/Frameworks";
				PRODUCT_NAME = "$(TARGET_NAME)";
			};
			name = Debug;
		};
		60C26CF91A6FB0CE007453F4 /* Release */ = {
			isa = XCBuildConfiguration;
			buildSettings = {
				ASSETCATALOG_COMPILER_APPICON_NAME = AppIcon;
				INFOPLIST_FILE = YFBaseTest/Info.plist;
				LD_RUNPATH_SEARCH_PATHS = "$(inherited) @executable_path/Frameworks";
				PRODUCT_NAME = "$(TARGET_NAME)";
			};
			name = Release;
		};
		60C26CFB1A6FB0CE007453F4 /* Debug */ = {
			isa = XCBuildConfiguration;
			buildSettings = {
				BUNDLE_LOADER = "$(TEST_HOST)";
				FRAMEWORK_SEARCH_PATHS = (
					"$(SDKROOT)/Developer/Library/Frameworks",
					"$(inherited)",
				);
				GCC_PREPROCESSOR_DEFINITIONS = (
					"DEBUG=1",
					"$(inherited)",
				);
				INFOPLIST_FILE = YFBaseTestTests/Info.plist;
				LD_RUNPATH_SEARCH_PATHS = "$(inherited) @executable_path/Frameworks @loader_path/Frameworks";
				PRODUCT_NAME = "$(TARGET_NAME)";
				TEST_HOST = "$(BUILT_PRODUCTS_DIR)/YFBaseTest.app/YFBaseTest";
			};
			name = Debug;
		};
		60C26CFC1A6FB0CE007453F4 /* Release */ = {
			isa = XCBuildConfiguration;
			buildSettings = {
				BUNDLE_LOADER = "$(TEST_HOST)";
				FRAMEWORK_SEARCH_PATHS = (
					"$(SDKROOT)/Developer/Library/Frameworks",
					"$(inherited)",
				);
				INFOPLIST_FILE = YFBaseTestTests/Info.plist;
				LD_RUNPATH_SEARCH_PATHS = "$(inherited) @executable_path/Frameworks @loader_path/Frameworks";
				PRODUCT_NAME = "$(TARGET_NAME)";
				TEST_HOST = "$(BUILT_PRODUCTS_DIR)/YFBaseTest.app/YFBaseTest";
			};
			name = Release;
		};
/* End XCBuildConfiguration section */

/* Begin XCConfigurationList section */
		60C26CD31A6FB0CD007453F4 /* Build configuration list for PBXProject "YFBaseTest" */ = {
			isa = XCConfigurationList;
			buildConfigurations = (
				60C26CF51A6FB0CE007453F4 /* Debug */,
				60C26CF61A6FB0CE007453F4 /* Release */,
			);
			defaultConfigurationIsVisible = 0;
			defaultConfigurationName = Release;
		};
		60C26CF71A6FB0CE007453F4 /* Build configuration list for PBXNativeTarget "YFBaseTest" */ = {
			isa = XCConfigurationList;
			buildConfigurations = (
				60C26CF81A6FB0CE007453F4 /* Debug */,
				60C26CF91A6FB0CE007453F4 /* Release */,
			);
			defaultConfigurationIsVisible = 0;
		};
		60C26CFA1A6FB0CE007453F4 /* Build configuration list for PBXNativeTarget "YFBaseTestTests" */ = {
			isa = XCConfigurationList;
			buildConfigurations = (
				60C26CFB1A6FB0CE007453F4 /* Debug */,
				60C26CFC1A6FB0CE007453F4 /* Release */,
			);
			defaultConfigurationIsVisible = 0;
		};
/* End XCConfigurationList section */
	};
	rootObject = 60C26CD01A6FB0CD007453F4 /* Project object */;
}
